
Microsoft Visual Studio Solution File, Format Version 12.00
# Visual Studio Version 17
VisualStudioVersion = 17.5.33516.290
MinimumVisualStudioVersion = 10.0.40219.1
Project("{FAE04EC0-301F-11D3-BF4B-00C04F79EFBC}") = "4 Elephant Swap", "4 Elephant Swap\4 Elephant Swap.csproj", "{3573B7BE-D9F3-49B6-9A6A-0DC90F43ED4B}"
EndProject
Global
	GlobalSection(SolutionConfigurationPlatforms) = preSolution
		Debug|Any CPU = Debug|Any CPU
		Release|Any CPU = Release|Any CPU
	EndGlobalSection
	GlobalSection(ProjectConfigurationPlatforms) = postSolution
		{3573B7BE-D9F3-49B6-9A6A-0DC90F43ED4B}.Debug|Any CPU.ActiveCfg = Debug|Any CPU
		{3573B7BE-D9F3-49B6-9A6A-0DC90F43ED4B}.Debug|Any CPU.Build.0 = Debug|Any CPU
		{3573B7BE-D9F3-49B6-9A6A-0DC90F43ED4B}.Release|Any CPU.ActiveCfg = Release|Any CPU
		{3573B7BE-D9F3-49B6-9A6A-0DC90F43ED4B}.Release|Any CPU.Build.0 = Release|Any CPU
	EndGlobalSection
	GlobalSection(SolutionProperties) = preSolution
		HideSolutionNode = FALSE
	EndGlobalSection
	GlobalSection(ExtensibilityGlobals) = postSolution
		SolutionGuid = {6D1BEEC6-15C9-41F1-B246-A8B88CAAF37B}
	EndGlobalSection
EndGlobal
