
Microsoft Visual Studio Solution File, Format Version 12.00
# Visual Studio Version 17
VisualStudioVersion = 17.5.33516.290
MinimumVisualStudioVersion = 10.0.40219.1
Project("{FAE04EC0-301F-11D3-BF4B-00C04F79EFBC}") = "Um dia de Corrida", "Um dia de Corrida\Um dia de Corrida.csproj", "{457878D5-93D0-47C5-B285-136D61F536BA}"
EndProject
Global
	GlobalSection(SolutionConfigurationPlatforms) = preSolution
		Debug|Any CPU = Debug|Any CPU
		Release|Any CPU = Release|Any CPU
	EndGlobalSection
	GlobalSection(ProjectConfigurationPlatforms) = postSolution
		{457878D5-93D0-47C5-B285-136D61F536BA}.Debug|Any CPU.ActiveCfg = Debug|Any CPU
		{457878D5-93D0-47C5-B285-136D61F536BA}.Debug|Any CPU.Build.0 = Debug|Any CPU
		{457878D5-93D0-47C5-B285-136D61F536BA}.Release|Any CPU.ActiveCfg = Release|Any CPU
		{457878D5-93D0-47C5-B285-136D61F536BA}.Release|Any CPU.Build.0 = Release|Any CPU
	EndGlobalSection
	GlobalSection(SolutionProperties) = preSolution
		HideSolutionNode = FALSE
	EndGlobalSection
	GlobalSection(ExtensibilityGlobals) = postSolution
		SolutionGuid = {536BE822-3FE5-4C08-8B7C-C42F80AEAF69}
	EndGlobalSection
EndGlobal
