
Microsoft Visual Studio Solution File, Format Version 12.00
# Visual Studio Version 17
VisualStudioVersion = 17.5.33424.131
MinimumVisualStudioVersion = 10.0.40219.1
Project("{FAE04EC0-301F-11D3-BF4B-00C04F79EFBC}") = "projPag66", "projPag66\projPag66.csproj", "{D1A143DC-B29A-4476-81F4-B06E0275A29B}"
EndProject
Global
	GlobalSection(SolutionConfigurationPlatforms) = preSolution
		Debug|Any CPU = Debug|Any CPU
		Release|Any CPU = Release|Any CPU
	EndGlobalSection
	GlobalSection(ProjectConfigurationPlatforms) = postSolution
		{D1A143DC-B29A-4476-81F4-B06E0275A29B}.Debug|Any CPU.ActiveCfg = Debug|Any CPU
		{D1A143DC-B29A-4476-81F4-B06E0275A29B}.Debug|Any CPU.Build.0 = Debug|Any CPU
		{D1A143DC-B29A-4476-81F4-B06E0275A29B}.Release|Any CPU.ActiveCfg = Release|Any CPU
		{D1A143DC-B29A-4476-81F4-B06E0275A29B}.Release|Any CPU.Build.0 = Release|Any CPU
	EndGlobalSection
	GlobalSection(SolutionProperties) = preSolution
		HideSolutionNode = FALSE
	EndGlobalSection
	GlobalSection(ExtensibilityGlobals) = postSolution
		SolutionGuid = {581C4580-B74E-4CEE-AAC2-5C849499A9DF}
	EndGlobalSection
EndGlobal
